
Microsoft Visual Studio Solution File, Format Version 12.00
# Visual Studio Version 17
VisualStudioVersion = 17.5.33414.496
MinimumVisualStudioVersion = 10.0.40219.1
Project("{FAE04EC0-301F-11D3-BF4B-00C04F79EFBC}") = "VladProject001", "VladProject001\VladProject001.csproj", "{0121A9B5-D921-40FE-A6A3-60384380C93A}"
EndProject
Global
	GlobalSection(SolutionConfigurationPlatforms) = preSolution
		Debug|Any CPU = Debug|Any CPU
		Release|Any CPU = Release|Any CPU
	EndGlobalSection
	GlobalSection(ProjectConfigurationPlatforms) = postSolution
		{0121A9B5-D921-40FE-A6A3-60384380C93A}.Debug|Any CPU.ActiveCfg = Debug|Any CPU
		{0121A9B5-D921-40FE-A6A3-60384380C93A}.Debug|Any CPU.Build.0 = Debug|Any CPU
		{0121A9B5-D921-40FE-A6A3-60384380C93A}.Release|Any CPU.ActiveCfg = Release|Any CPU
		{0121A9B5-D921-40FE-A6A3-60384380C93A}.Release|Any CPU.Build.0 = Release|Any CPU
	EndGlobalSection
	GlobalSection(SolutionProperties) = preSolution
		HideSolutionNode = FALSE
	EndGlobalSection
	GlobalSection(ExtensibilityGlobals) = postSolution
		SolutionGuid = {869C976B-BFCD-4EE6-B3D8-FAA5448D02DE}
	EndGlobalSection
EndGlobal
